
Microsoft Visual Studio Solution File, Format Version 12.00
# Visual Studio 15
VisualStudioVersion = 15.0.27703.2026
MinimumVisualStudioVersion = 10.0.40219.1
Project("{FAE04EC0-301F-11D3-BF4B-00C04F79EFBC}") = "InventoryLibrary", "InventoryLibrary\InventoryLibrary.csproj", "{5E4F88D8-5FB7-4853-8CC2-E57D3138CA33}"
EndProject
Project("{FAE04EC0-301F-11D3-BF4B-00C04F79EFBC}") = "InventoryUI", "InventoryUI\InventoryUI.csproj", "{1292F038-6D89-4753-B17E-5A83BC64F430}"
EndProject
Global
	GlobalSection(SolutionConfigurationPlatforms) = preSolution
		Debug|Any CPU = Debug|Any CPU
		Release|Any CPU = Release|Any CPU
	EndGlobalSection
	GlobalSection(ProjectConfigurationPlatforms) = postSolution
		{5E4F88D8-5FB7-4853-8CC2-E57D3138CA33}.Debug|Any CPU.ActiveCfg = Debug|Any CPU
		{5E4F88D8-5FB7-4853-8CC2-E57D3138CA33}.Debug|Any CPU.Build.0 = Debug|Any CPU
		{5E4F88D8-5FB7-4853-8CC2-E57D3138CA33}.Release|Any CPU.ActiveCfg = Release|Any CPU
		{5E4F88D8-5FB7-4853-8CC2-E57D3138CA33}.Release|Any CPU.Build.0 = Release|Any CPU
		{1292F038-6D89-4753-B17E-5A83BC64F430}.Debug|Any CPU.ActiveCfg = Debug|Any CPU
		{1292F038-6D89-4753-B17E-5A83BC64F430}.Debug|Any CPU.Build.0 = Debug|Any CPU
		{1292F038-6D89-4753-B17E-5A83BC64F430}.Release|Any CPU.ActiveCfg = Release|Any CPU
		{1292F038-6D89-4753-B17E-5A83BC64F430}.Release|Any CPU.Build.0 = Release|Any CPU
	EndGlobalSection
	GlobalSection(SolutionProperties) = preSolution
		HideSolutionNode = FALSE
	EndGlobalSection
	GlobalSection(ExtensibilityGlobals) = postSolution
		SolutionGuid = {29ED8277-0B5A-4869-8269-DCD767A50A1F}
	EndGlobalSection
EndGlobal
